
Microsoft Visual Studio Solution File, Format Version 12.00
# Visual Studio 15
VisualStudioVersion = 15.0.28010.2019
MinimumVisualStudioVersion = 10.0.40219.1
Project("{FAE04EC0-301F-11D3-BF4B-00C04F79EFBC}") = "Generic", "ConsoleApp1\Generic.csproj", "{A173F8C0-629B-4FD8-ABF3-8D3BA3C363E5}"
	ProjectSection(ProjectDependencies) = postProject
		{E65EC438-D9B0-4A57-9804-A641F1CD7B1E} = {E65EC438-D9B0-4A57-9804-A641F1CD7B1E}
	EndProjectSection
EndProject
Project("{FAE04EC0-301F-11D3-BF4B-00C04F79EFBC}") = "GenericLibrary", "GenericLibrary\GenericLibrary.csproj", "{E65EC438-D9B0-4A57-9804-A641F1CD7B1E}"
EndProject
Global
	GlobalSection(SolutionConfigurationPlatforms) = preSolution
		Debug|Any CPU = Debug|Any CPU
		Release|Any CPU = Release|Any CPU
	EndGlobalSection
	GlobalSection(ProjectConfigurationPlatforms) = postSolution
		{A173F8C0-629B-4FD8-ABF3-8D3BA3C363E5}.Debug|Any CPU.ActiveCfg = Debug|Any CPU
		{A173F8C0-629B-4FD8-ABF3-8D3BA3C363E5}.Debug|Any CPU.Build.0 = Debug|Any CPU
		{A173F8C0-629B-4FD8-ABF3-8D3BA3C363E5}.Release|Any CPU.ActiveCfg = Release|Any CPU
		{A173F8C0-629B-4FD8-ABF3-8D3BA3C363E5}.Release|Any CPU.Build.0 = Release|Any CPU
		{E65EC438-D9B0-4A57-9804-A641F1CD7B1E}.Debug|Any CPU.ActiveCfg = Debug|Any CPU
		{E65EC438-D9B0-4A57-9804-A641F1CD7B1E}.Debug|Any CPU.Build.0 = Debug|Any CPU
		{E65EC438-D9B0-4A57-9804-A641F1CD7B1E}.Release|Any CPU.ActiveCfg = Release|Any CPU
		{E65EC438-D9B0-4A57-9804-A641F1CD7B1E}.Release|Any CPU.Build.0 = Release|Any CPU
	EndGlobalSection
	GlobalSection(SolutionProperties) = preSolution
		HideSolutionNode = FALSE
	EndGlobalSection
	GlobalSection(ExtensibilityGlobals) = postSolution
		SolutionGuid = {C16105D4-9E1E-4137-9493-DFBBE3737E20}
	EndGlobalSection
EndGlobal
